
Microsoft Visual Studio Solution File, Format Version 12.00
# Visual Studio 15
VisualStudioVersion = 15.0.27428.2043
MinimumVisualStudioVersion = 10.0.40219.1
Project("{8BC9CEB8-8B4A-11D0-8D11-00A0C91BC942}") = "HelloSFML", "HelloSFML\HelloSFML.vcxproj", "{72813904-8FC3-47AD-8877-7223371E42E3}"
EndProject
Global
	GlobalSection(SolutionConfigurationPlatforms) = preSolution
		Debug|x64 = Debug|x64
		Debug|x86 = Debug|x86
		Release|x64 = Release|x64
		Release|x86 = Release|x86
	EndGlobalSection
	GlobalSection(ProjectConfigurationPlatforms) = postSolution
		{72813904-8FC3-47AD-8877-7223371E42E3}.Debug|x64.ActiveCfg = Debug|x64
		{72813904-8FC3-47AD-8877-7223371E42E3}.Debug|x64.Build.0 = Debug|x64
		{72813904-8FC3-47AD-8877-7223371E42E3}.Debug|x86.ActiveCfg = Debug|Win32
		{72813904-8FC3-47AD-8877-7223371E42E3}.Debug|x86.Build.0 = Debug|Win32
		{72813904-8FC3-47AD-8877-7223371E42E3}.Release|x64.ActiveCfg = Release|x64
		{72813904-8FC3-47AD-8877-7223371E42E3}.Release|x64.Build.0 = Release|x64
		{72813904-8FC3-47AD-8877-7223371E42E3}.Release|x86.ActiveCfg = Release|Win32
		{72813904-8FC3-47AD-8877-7223371E42E3}.Release|x86.Build.0 = Release|Win32
	EndGlobalSection
	GlobalSection(SolutionProperties) = preSolution
		HideSolutionNode = FALSE
	EndGlobalSection
	GlobalSection(ExtensibilityGlobals) = postSolution
		SolutionGuid = {08556256-AF5C-47E1-8C00-563EA1F4DCE5}
	EndGlobalSection
EndGlobal
